
Microsoft Visual Studio Solution File, Format Version 12.00
# Visual Studio Version 17
VisualStudioVersion = 17.3.32922.545
MinimumVisualStudioVersion = 10.0.40219.1
Project("{9A19103F-16F7-4668-BE54-9A1E7A4F7556}") = "SnailLibrary", "SnailLibrary\SnailLibrary.csproj", "{47A0C796-69D6-4F2A-B5D1-97F95CD28A5E}"
EndProject
Project("{9A19103F-16F7-4668-BE54-9A1E7A4F7556}") = "SnailTest", "SnailTest\SnailTest.csproj", "{67D7A2AD-0AB0-4F59-A126-FB4D4847CE71}"
EndProject
Project("{9A19103F-16F7-4668-BE54-9A1E7A4F7556}") = "SnailConsole", "SnailConsole\SnailConsole.csproj", "{9D790919-AA0D-49F2-A912-A8479B093142}"
EndProject
Global
	GlobalSection(SolutionConfigurationPlatforms) = preSolution
		Debug|Any CPU = Debug|Any CPU
		Release|Any CPU = Release|Any CPU
	EndGlobalSection
	GlobalSection(ProjectConfigurationPlatforms) = postSolution
		{47A0C796-69D6-4F2A-B5D1-97F95CD28A5E}.Debug|Any CPU.ActiveCfg = Debug|Any CPU
		{47A0C796-69D6-4F2A-B5D1-97F95CD28A5E}.Debug|Any CPU.Build.0 = Debug|Any CPU
		{47A0C796-69D6-4F2A-B5D1-97F95CD28A5E}.Release|Any CPU.ActiveCfg = Release|Any CPU
		{47A0C796-69D6-4F2A-B5D1-97F95CD28A5E}.Release|Any CPU.Build.0 = Release|Any CPU
		{67D7A2AD-0AB0-4F59-A126-FB4D4847CE71}.Debug|Any CPU.ActiveCfg = Debug|Any CPU
		{67D7A2AD-0AB0-4F59-A126-FB4D4847CE71}.Debug|Any CPU.Build.0 = Debug|Any CPU
		{67D7A2AD-0AB0-4F59-A126-FB4D4847CE71}.Release|Any CPU.ActiveCfg = Release|Any CPU
		{67D7A2AD-0AB0-4F59-A126-FB4D4847CE71}.Release|Any CPU.Build.0 = Release|Any CPU
		{9D790919-AA0D-49F2-A912-A8479B093142}.Debug|Any CPU.ActiveCfg = Debug|Any CPU
		{9D790919-AA0D-49F2-A912-A8479B093142}.Debug|Any CPU.Build.0 = Debug|Any CPU
		{9D790919-AA0D-49F2-A912-A8479B093142}.Release|Any CPU.ActiveCfg = Release|Any CPU
		{9D790919-AA0D-49F2-A912-A8479B093142}.Release|Any CPU.Build.0 = Release|Any CPU
	EndGlobalSection
	GlobalSection(SolutionProperties) = preSolution
		HideSolutionNode = FALSE
	EndGlobalSection
	GlobalSection(ExtensibilityGlobals) = postSolution
		SolutionGuid = {D6FF7328-0552-4C91-A0D4-AD1D21DE49B5}
	EndGlobalSection
EndGlobal
